// !$*UTF8*$!
{
	archiveVersion = 1;
	classes = {
	};
	objectVersion = 46;
	objects = {

/* Begin PBXBuildFile section */
		DBD693571B73A15100CC6B8F /* CoreLocation.framework in Frameworks */ = {isa = PBXBuildFile; fileRef = DBD693561B73A15100CC6B8F /* CoreLocation.framework */; };
		DBEB6E2B1B5D339600134008 /* AppDelegate.swift in Sources */ = {isa = PBXBuildFile; fileRef = DBEB6E2A1B5D339600134008 /* AppDelegate.swift */; };
		DBEB6E2D1B5D339600134008 /* ViewController.swift in Sources */ = {isa = PBXBuildFile; fileRef = DBEB6E2C1B5D339600134008 /* ViewController.swift */; };
		DBEB6E301B5D339600134008 /* Main.storyboard in Resources */ = {isa = PBXBuildFile; fileRef = DBEB6E2E1B5D339600134008 /* Main.storyboard */; };
		DBEB6E351B5D339600134008 /* LaunchScreen.xib in Resources */ = {isa = PBXBuildFile; fileRef = DBEB6E331B5D339600134008 /* LaunchScreen.xib */; };
		DBEB6E411B5D339600134008 /* techbeaconTests.swift in Sources */ = {isa = PBXBuildFile; fileRef = DBEB6E401B5D339600134008 /* techbeaconTests.swift */; };
		DBF4F2E41B78F46400099E55 /* Images.xcassets in Resources */ = {isa = PBXBuildFile; fileRef = DBF4F2E31B78F46400099E55 /* Images.xcassets */; };
/* End PBXBuildFile section */

/* Begin PBXContainerItemProxy section */
		DBEB6E3B1B5D339600134008 /* PBXContainerItemProxy */ = {
			isa = PBXContainerItemProxy;
			containerPortal = DBEB6E1D1B5D339600134008 /* Project object */;
			proxyType = 1;
			remoteGlobalIDString = DBEB6E241B5D339600134008;
			remoteInfo = techbeacon;
		};
/* End PBXContainerItemProxy section */

/* Begin PBXFileReference section */
		DBD693561B73A15100CC6B8F /* CoreLocation.framework */ = {isa = PBXFileReference; lastKnownFileType = wrapper.framework; name = CoreLocation.framework; path = System/Library/Frameworks/CoreLocation.framework; sourceTree = SDKROOT; };
		DBEB6E251B5D339600134008 /* techbeacon.app */ = {isa = PBXFileReference; explicitFileType = wrapper.application; includeInIndex = 0; path = techbeacon.app; sourceTree = BUILT_PRODUCTS_DIR; };
		DBEB6E291B5D339600134008 /* Info.plist */ = {isa = PBXFileReference; lastKnownFileType = text.plist.xml; path = Info.plist; sourceTree = "<group>"; };
		DBEB6E2A1B5D339600134008 /* AppDelegate.swift */ = {isa = PBXFileReference; lastKnownFileType = sourcecode.swift; path = AppDelegate.swift; sourceTree = "<group>"; };
		DBEB6E2C1B5D339600134008 /* ViewController.swift */ = {isa = PBXFileReference; lastKnownFileType = sourcecode.swift; path = ViewController.swift; sourceTree = "<group>"; };
		DBEB6E2F1B5D339600134008 /* Base */ = {isa = PBXFileReference; lastKnownFileType = file.storyboard; name = Base; path = Base.lproj/Main.storyboard; sourceTree = "<group>"; };
		DBEB6E341B5D339600134008 /* Base */ = {isa = PBXFileReference; lastKnownFileType = file.xib; name = Base; path = Base.lproj/LaunchScreen.xib; sourceTree = "<group>"; };
		DBEB6E3A1B5D339600134008 /* techbeaconTests.xctest */ = {isa = PBXFileReference; explicitFileType = wrapper.cfbundle; includeInIndex = 0; path = techbeaconTests.xctest; sourceTree = BUILT_PRODUCTS_DIR; };
		DBEB6E3F1B5D339600134008 /* Info.plist */ = {isa = PBXFileReference; lastKnownFileType = text.plist.xml; path = Info.plist; sourceTree = "<group>"; };
		DBEB6E401B5D339600134008 /* techbeaconTests.swift */ = {isa = PBXFileReference; lastKnownFileType = sourcecode.swift; path = techbeaconTests.swift; sourceTree = "<group>"; };
		DBF4F2E31B78F46400099E55 /* Images.xcassets */ = {isa = PBXFileReference; lastKnownFileType = folder.assetcatalog; path = Images.xcassets; sourceTree = "<group>"; };
/* End PBXFileReference section */

/* Begin PBXFrameworksBuildPhase section */
		DBEB6E221B5D339600134008 /* Frameworks */ = {
			isa = PBXFrameworksBuildPhase;
			buildActionMask = 2147483647;
			files = (
				DBD693571B73A15100CC6B8F /* CoreLocation.framework in Frameworks */,
			);
			runOnlyForDeploymentPostprocessing = 0;
		};
		DBEB6E371B5D339600134008 /* Frameworks */ = {
			isa = PBXFrameworksBuildPhase;
			buildActionMask = 2147483647;
			files = (
			);
			runOnlyForDeploymentPostprocessing = 0;
		};
/* End PBXFrameworksBuildPhase section */

/* Begin PBXGroup section */
		DBEB6E1C1B5D339600134008 = {
			isa = PBXGroup;
			children = (
				DBF4F2E31B78F46400099E55 /* Images.xcassets */,
				DBEB6E281B5D339600134008 /* Supporting Files */,
				DBD693561B73A15100CC6B8F /* CoreLocation.framework */,
				DBEB6E271B5D339600134008 /* techbeacon */,
				DBEB6E3D1B5D339600134008 /* techbeaconTests */,
				DBEB6E261B5D339600134008 /* Products */,
			);
			sourceTree = "<group>";
		};
		DBEB6E261B5D339600134008 /* Products */ = {
			isa = PBXGroup;
			children = (
				DBEB6E251B5D339600134008 /* techbeacon.app */,
				DBEB6E3A1B5D339600134008 /* techbeaconTests.xctest */,
			);
			name = Products;
			sourceTree = "<group>";
		};
		DBEB6E271B5D339600134008 /* techbeacon */ = {
			isa = PBXGroup;
			children = (
				DBEB6E2A1B5D339600134008 /* AppDelegate.swift */,
				DBEB6E2C1B5D339600134008 /* ViewController.swift */,
				DBEB6E2E1B5D339600134008 /* Main.storyboard */,
				DBEB6E331B5D339600134008 /* LaunchScreen.xib */,
			);
			path = techbeacon;
			sourceTree = "<group>";
		};
		DBEB6E281B5D339600134008 /* Supporting Files */ = {
			isa = PBXGroup;
			children = (
				DBEB6E291B5D339600134008 /* Info.plist */,
			);
			name = "Supporting Files";
			path = techbeacon;
			sourceTree = "<group>";
		};
		DBEB6E3D1B5D339600134008 /* techbeaconTests */ = {
			isa = PBXGroup;
			children = (
				DBEB6E401B5D339600134008 /* techbeaconTests.swift */,
				DBEB6E3E1B5D339600134008 /* Supporting Files */,
			);
			path = techbeaconTests;
			sourceTree = "<group>";
		};
		DBEB6E3E1B5D339600134008 /* Supporting Files */ = {
			isa = PBXGroup;
			children = (
				DBEB6E3F1B5D339600134008 /* Info.plist */,
			);
			name = "Supporting Files";
			sourceTree = "<group>";
		};
/* End PBXGroup section */

/* Begin PBXNativeTarget section */
		DBEB6E241B5D339600134008 /* techbeacon */ = {
			isa = PBXNativeTarget;
			buildConfigurationList = DBEB6E441B5D339600134008 /* Build configuration list for PBXNativeTarget "techbeacon" */;
			buildPhases = (
				DBEB6E211B5D339600134008 /* Sources */,
				DBEB6E221B5D339600134008 /* Frameworks */,
				DBEB6E231B5D339600134008 /* Resources */,
			);
			buildRules = (
			);
			dependencies = (
			);
			name = techbeacon;
			productName = techbeacon;
			productReference = DBEB6E251B5D339600134008 /* techbeacon.app */;
			productType = "com.apple.product-type.application";
		};
		DBEB6E391B5D339600134008 /* techbeaconTests */ = {
			isa = PBXNativeTarget;
			buildConfigurationList = DBEB6E471B5D339600134008 /* Build configuration list for PBXNativeTarget "techbeaconTests" */;
			buildPhases = (
				DBEB6E361B5D339600134008 /* Sources */,
				DBEB6E371B5D339600134008 /* Frameworks */,
				DBEB6E381B5D339600134008 /* Resources */,
			);
			buildRules = (
			);
			dependencies = (
				DBEB6E3C1B5D339600134008 /* PBXTargetDependency */,
			);
			name = techbeaconTests;
			productName = techbeaconTests;
			productReference = DBEB6E3A1B5D339600134008 /* techbeaconTests.xctest */;
			productType = "com.apple.product-type.bundle.unit-test";
		};
/* End PBXNativeTarget section */

/* Begin PBXProject section */
		DBEB6E1D1B5D339600134008 /* Project object */ = {
			isa = PBXProject;
			attributes = {
				LastUpgradeCheck = 0640;
				ORGANIZATIONNAME = "Anatoly Konkin";
				TargetAttributes = {
					DBEB6E241B5D339600134008 = {
						CreatedOnToolsVersion = 6.4;
					};
					DBEB6E391B5D339600134008 = {
						CreatedOnToolsVersion = 6.4;
						TestTargetID = DBEB6E241B5D339600134008;
					};
				};
			};
			buildConfigurationList = DBEB6E201B5D339600134008 /* Build configuration list for PBXProject "techbeacon" */;
			compatibilityVersion = "Xcode 3.2";
			developmentRegion = English;
			hasScannedForEncodings = 0;
			knownRegions = (
				en,
				Base,
			);
			mainGroup = DBEB6E1C1B5D339600134008;
			productRefGroup = DBEB6E261B5D339600134008 /* Products */;
			projectDirPath = "";
			projectRoot = "";
			targets = (
				DBEB6E241B5D339600134008 /* techbeacon */,
				DBEB6E391B5D339600134008 /* techbeaconTests */,
			);
		};
/* End PBXProject section */

/* Begin PBXResourcesBuildPhase section */
		DBEB6E231B5D339600134008 /* Resources */ = {
			isa = PBXResourcesBuildPhase;
			buildActionMask = 2147483647;
			files = (
				DBF4F2E41B78F46400099E55 /* Images.xcassets in Resources */,
				DBEB6E301B5D339600134008 /* Main.storyboard in Resources */,
				DBEB6E351B5D339600134008 /* LaunchScreen.xib in Resources */,
			);
			runOnlyForDeploymentPostprocessing = 0;
		};
		DBEB6E381B5D339600134008 /* Resources */ = {
			isa = PBXResourcesBuildPhase;
			buildActionMask = 2147483647;
			files = (
			);
			runOnlyForDeploymentPostprocessing = 0;
		};
/* End PBXResourcesBuildPhase section */

/* Begin PBXSourcesBuildPhase section */
		DBEB6E211B5D339600134008 /* Sources */ = {
			isa = PBXSourcesBuildPhase;
			buildActionMask = 2147483647;
			files = (
				DBEB6E2D1B5D339600134008 /* ViewController.swift in Sources */,
				DBEB6E2B1B5D339600134008 /* AppDelegate.swift in Sources */,
			);
			runOnlyForDeploymentPostprocessing = 0;
		};
		DBEB6E361B5D339600134008 /* Sources */ = {
			isa = PBXSourcesBuildPhase;
			buildActionMask = 2147483647;
			files = (
				DBEB6E411B5D339600134008 /* techbeaconTests.swift in Sources */,
			);
			runOnlyForDeploymentPostprocessing = 0;
		};
/* End PBXSourcesBuildPhase section */

/* Begin PBXTargetDependency section */
		DBEB6E3C1B5D339600134008 /* PBXTargetDependency */ = {
			isa = PBXTargetDependency;
			target = DBEB6E241B5D339600134008 /* techbeacon */;
			targetProxy = DBEB6E3B1B5D339600134008 /* PBXContainerItemProxy */;
		};
/* End PBXTargetDependency section */

/* Begin PBXVariantGroup section */
		DBEB6E2E1B5D339600134008 /* Main.storyboard */ = {
			isa = PBXVariantGroup;
			children = (
				DBEB6E2F1B5D339600134008 /* Base */,
			);
			name = Main.storyboard;
			sourceTree = "<group>";
		};
		DBEB6E331B5D339600134008 /* LaunchScreen.xib */ = {
			isa = PBXVariantGroup;
			children = (
				DBEB6E341B5D339600134008 /* Base */,
			);
			name = LaunchScreen.xib;
			sourceTree = "<group>";
		};
/* End PBXVariantGroup section */

/* Begin XCBuildConfiguration section */
		DBEB6E421B5D339600134008 /* Debug */ = {
			isa = XCBuildConfiguration;
			buildSettings = {
				ALWAYS_SEARCH_USER_PATHS = NO;
				CLANG_CXX_LANGUAGE_STANDARD = "gnu++0x";
				CLANG_CXX_LIBRARY = "libc++";
				CLANG_ENABLE_MODULES = YES;
				CLANG_ENABLE_OBJC_ARC = YES;
				CLANG_WARN_BOOL_CONVERSION = YES;
				CLANG_WARN_CONSTANT_CONVERSION = YES;
				CLANG_WARN_DIRECT_OBJC_ISA_USAGE = YES_ERROR;
				CLANG_WARN_EMPTY_BODY = YES;
				CLANG_WARN_ENUM_CONVERSION = YES;
				CLANG_WARN_INT_CONVERSION = YES;
				CLANG_WARN_OBJC_ROOT_CLASS = YES_ERROR;
				CLANG_WARN_UNREACHABLE_CODE = YES;
				CLANG_WARN__DUPLICATE_METHOD_MATCH = YES;
				"CODE_SIGN_IDENTITY[sdk=iphoneos*]" = "iPhone Developer";
				COPY_PHASE_STRIP = NO;
				DEBUG_INFORMATION_FORMAT = "dwarf-with-dsym";
				ENABLE_STRICT_OBJC_MSGSEND = YES;
				GCC_C_LANGUAGE_STANDARD = gnu99;
				GCC_DYNAMIC_NO_PIC = NO;
				GCC_NO_COMMON_BLOCKS = YES;
				GCC_OPTIMIZATION_LEVEL = 0;
				GCC_PREPROCESSOR_DEFINITIONS = (
					"DEBUG=1",
					"$(inherited)",
				);
				GCC_SYMBOLS_PRIVATE_EXTERN = NO;
				GCC_WARN_64_TO_32_BIT_CONVERSION = YES;
				GCC_WARN_ABOUT_RETURN_TYPE = YES_ERROR;
				GCC_WARN_UNDECLARED_SELECTOR = YES;
				GCC_WARN_UNINITIALIZED_AUTOS = YES_AGGRESSIVE;
				GCC_WARN_UNUSED_FUNCTION = YES;
				GCC_WARN_UNUSED_VARIABLE = YES;
				IPHONEOS_DEPLOYMENT_TARGET = 8.4;
				MTL_ENABLE_DEBUG_INFO = YES;
				ONLY_ACTIVE_ARCH = YES;
				SDKROOT = iphoneos;
				SWIFT_OPTIMIZATION_LEVEL = "-Onone";
			};
			name = Debug;
		};
		DBEB6E431B5D339600134008 /* Release */ = {
			isa = XCBuildConfiguration;
			buildSettings = {
				ALWAYS_SEARCH_USER_PATHS = NO;
				CLANG_CXX_LANGUAGE_STANDARD = "gnu++0x";
				CLANG_CXX_LIBRARY = "libc++";
				CLANG_ENABLE_MODULES = YES;
				CLANG_ENABLE_OBJC_ARC = YES;
				CLANG_WARN_BOOL_CONVERSION = YES;
				CLANG_WARN_CONSTANT_CONVERSION = YES;
				CLANG_WARN_DIRECT_OBJC_ISA_USAGE = YES_ERROR;
				CLANG_WARN_EMPTY_BODY = YES;
				CLANG_WARN_ENUM_CONVERSION = YES;
				CLANG_WARN_INT_CONVERSION = YES;
				CLANG_WARN_OBJC_ROOT_CLASS = YES_ERROR;
				CLANG_WARN_UNREACHABLE_CODE = YES;
				CLANG_WARN__DUPLICATE_METHOD_MATCH = YES;
				"CODE_SIGN_IDENTITY[sdk=iphoneos*]" = "iPhone Developer";
				COPY_PHASE_STRIP = NO;
				DEBUG_INFORMATION_FORMAT = "dwarf-with-dsym";
				ENABLE_NS_ASSERTIONS = NO;
				ENABLE_STRICT_OBJC_MSGSEND = YES;
				GCC_C_LANGUAGE_STANDARD = gnu99;
				GCC_NO_COMMON_BLOCKS = YES;
				GCC_WARN_64_TO_32_BIT_CONVERSION = YES;
				GCC_WARN_ABOUT_RETURN_TYPE = YES_ERROR;
				GCC_WARN_UNDECLARED_SELECTOR = YES;
				GCC_WARN_UNINITIALIZED_AUTOS = YES_AGGRESSIVE;
				GCC_WARN_UNUSED_FUNCTION = YES;
				GCC_WARN_UNUSED_VARIABLE = YES;
				IPHONEOS_DEPLOYMENT_TARGET = 8.4;
				MTL_ENABLE_DEBUG_INFO = NO;
				SDKROOT = iphoneos;
				VALIDATE_PRODUCT = YES;
			};
			name = Release;
		};
		DBEB6E451B5D339600134008 /* Debug */ = {
			isa = XCBuildConfiguration;
			buildSettings = {
				ASSETCATALOG_COMPILER_APPICON_NAME = AppIcon;
				INFOPLIST_FILE = techbeacon/Info.plist;
				LD_RUNPATH_SEARCH_PATHS = "$(inherited) @executable_path/Frameworks";
				PRODUCT_NAME = "$(TARGET_NAME)";
			};
			name = Debug;
		};
		DBEB6E461B5D339600134008 /* Release */ = {
			isa = XCBuildConfiguration;
			buildSettings = {
				ASSETCATALOG_COMPILER_APPICON_NAME = AppIcon;
				INFOPLIST_FILE = techbeacon/Info.plist;
				LD_RUNPATH_SEARCH_PATHS = "$(inherited) @executable_path/Frameworks";
				PRODUCT_NAME = "$(TARGET_NAME)";
			};
			name = Release;
		};
		DBEB6E481B5D339600134008 /* Debug */ = {
			isa = XCBuildConfiguration;
			buildSettings = {
				BUNDLE_LOADER = "$(TEST_HOST)";
				FRAMEWORK_SEARCH_PATHS = (
					"$(SDKROOT)/Developer/Library/Frameworks",
					"$(inherited)",
				);
				GCC_PREPROCESSOR_DEFINITIONS = (
					"DEBUG=1",
					"$(inherited)",
				);
				INFOPLIST_FILE = techbeaconTests/Info.plist;
				LD_RUNPATH_SEARCH_PATHS = "$(inherited) @executable_path/Frameworks @loader_path/Frameworks";
				PRODUCT_NAME = "$(TARGET_NAME)";
				TEST_HOST = "$(BUILT_PRODUCTS_DIR)/techbeacon.app/techbeacon";
			};
			name = Debug;
		};
		DBEB6E491B5D339600134008 /* Release */ = {
			isa = XCBuildConfiguration;
			buildSettings = {
				BUNDLE_LOADER = "$(TEST_HOST)";
				FRAMEWORK_SEARCH_PATHS = (
					"$(SDKROOT)/Developer/Library/Frameworks",
					"$(inherited)",
				);
				INFOPLIST_FILE = techbeaconTests/Info.plist;
				LD_RUNPATH_SEARCH_PATHS = "$(inherited) @executable_path/Frameworks @loader_path/Frameworks";
				PRODUCT_NAME = "$(TARGET_NAME)";
				TEST_HOST = "$(BUILT_PRODUCTS_DIR)/techbeacon.app/techbeacon";
			};
			name = Release;
		};
/* End XCBuildConfiguration section */

/* Begin XCConfigurationList section */
		DBEB6E201B5D339600134008 /* Build configuration list for PBXProject "techbeacon" */ = {
			isa = XCConfigurationList;
			buildConfigurations = (
				DBEB6E421B5D339600134008 /* Debug */,
				DBEB6E431B5D339600134008 /* Release */,
			);
			defaultConfigurationIsVisible = 0;
			defaultConfigurationName = Release;
		};
		DBEB6E441B5D339600134008 /* Build configuration list for PBXNativeTarget "techbeacon" */ = {
			isa = XCConfigurationList;
			buildConfigurations = (
				DBEB6E451B5D339600134008 /* Debug */,
				DBEB6E461B5D339600134008 /* Release */,
			);
			defaultConfigurationIsVisible = 0;
			defaultConfigurationName = Release;
		};
		DBEB6E471B5D339600134008 /* Build configuration list for PBXNativeTarget "techbeaconTests" */ = {
			isa = XCConfigurationList;
			buildConfigurations = (
				DBEB6E481B5D339600134008 /* Debug */,
				DBEB6E491B5D339600134008 /* Release */,
			);
			defaultConfigurationIsVisible = 0;
			defaultConfigurationName = Release;
		};
/* End XCConfigurationList section */
	};
	rootObject = DBEB6E1D1B5D339600134008 /* Project object */;
}
